hash: e3b0c44298fc1c149afbf4c8996fb92427ae41e4649b934ca495991b7852b855
updated: 2015-12-14T14:57:44.21585025+08:00
imports:
- name: bytes
  version: ""
- name: code.google.com/p/go.net
  version: 937a34c9de13
- name: code.google.com/p/go.text
  version: 5b2527008a4c
  repo: https://code.google.com/p/go.text
- name: crypto/rand
  version: ""
- name: encoding/base64
  version: ""
- name: encoding/binary
  version: ""
- name: encoding/hex
  version: ""
- name: encoding/json
  version: ""
- name: errors
  version: ""
- name: flag
  version: ""
- name: fmt
  version: ""
- name: github.com/armon/circbuf
  version: bbbad097214e2918d8543d5201d12bfd7bca254d
- name: github.com/armon/go-metrics
  version: 06b60999766278efd6d2b5d8418a58c3d5b99e87
- name: github.com/armon/go-radix
  version: fbd82e84e2b13651f3abc5ffd26b65ba71bc8f93
- name: github.com/beorn7/perks
  version: b965b613227fddccbfffe13eae360ed3fa822f8d
  repo: https://github.com/beorn7/perks
- name: github.com/boltdb/bolt
  version: 6d4e6a3ead833ba64932c56549bb8623afea0335
- name: github.com/cenkalti/hub
  version: 7be60e186e66cd86db2d50ef2ca3778e281c87b4
- name: github.com/cenkalti/rpc2
  version: 44d0d95e4f529a0fe230c90d2126bd597c61148c
- name: github.com/codegangsta/cli
  version: b5232bb2934f606f9f27a1305f1eea224e8e8b88
- name: github.com/DataDog/datadog-go
  version: b050cd8f4d7c394545fd7d966c8e2909ce89d552
  repo: https://github.com/DataDog/datadog-go
- name: github.com/fsouza/go-dockerclient
  version: 7177a9e3543b0891a5d91dbf7051e0f71455c8ef
- name: github.com/golang/glog
  version: fca8c8854093a154ff1eb580aae10276ad6b1b5f
- name: github.com/golang/protobuf
  version: 68415e7123da32b07eab49c96d2c4d6158360e9b
  repo: https://github.com/golang/protobuf
- name: github.com/gorilla/context
  version: 1c83b3eabd45b6d76072b66b746c20815fb2872d
- name: github.com/gorilla/mux
  version: 9c068cf16d982f8bd444b8c352acbeec34c4fe5b
- name: github.com/hashicorp/consul
  version: 94f33972bdc1574738b00290b5b9ae1df445435e
  subpackages:
  - /api
  - command
  - command/agent
  - watch
- name: github.com/hashicorp/errwrap
  version: 7554cd9344cec97297fa6649b055a8c98c2a1e55
  repo: https://github.com/hashicorp/errwrap
- name: github.com/hashicorp/go-checkpoint
  version: e4b2dc34c0f698ee04750bf2035d8b9384233e1b
- name: github.com/hashicorp/go-cleanhttp
  version: 5df5ddc69534f1a4697289f1dca2193fbb40213f
  repo: https://github.com/hashicorp/go-cleanhttp
- name: github.com/hashicorp/go-immutable-radix
  version: aca1bd0689e10884f20d114aff148ddb849ece80
  repo: https://github.com/hashicorp/go-immutable-radix
- name: github.com/hashicorp/go-memdb
  version: e0765f203ee31bd1ca785d91280271150fe4cf0d
  repo: https://github.com/hashicorp/go-memdb
- name: github.com/hashicorp/go-msgpack
  version: fa3f63826f7c23912c15263591e65d54d080b458
- name: github.com/hashicorp/go-multierror
  version: d30f09973e19c1dfcd120b2d9c4f168e68d6b5d5
- name: github.com/hashicorp/go-syslog
  version: 42a2b573b664dbf281bd48c3cc12c086b17a39ba
- name: github.com/hashicorp/go.net
  version: 104dcad90073cd8d1e6828b2af19185b60cf3e29
  repo: https://github.com/hashicorp/go.net
- name: github.com/hashicorp/golang-lru
  version: b361c4c189a958f7d0ad435952611c140751afe2
- name: github.com/hashicorp/hcl
  version: 17c5c97b5a51e82c238678127e413b7635c6d5f6
- name: github.com/hashicorp/logutils
  version: 0dc08b1671f34c4250ce212759ebd880f743d883
- name: github.com/hashicorp/mdns
  version: 9d85cf22f9f8d53cb5c81c1b2749f438b2ee333f
  repo: https://github.com/hashicorp/mdns
- name: github.com/hashicorp/memberlist
  version: c80391f99d2d3a3d60f24588c7ee6b2131f1be33
- name: github.com/hashicorp/net-rpc-msgpackrpc
  version: a14192a58a694c123d8fe5481d4a4727d6ae82f3
- name: github.com/hashicorp/raft
  version: d136cd15dfb7876fd7c89cad1995bc4f19ceb294
- name: github.com/hashicorp/raft-boltdb
  version: d1e82c1ec3f15ee991f7cc7ffd5b67ff6f5bbaee
- name: github.com/hashicorp/scada-client
  version: 84989fd23ad4cc0e7ad44d6a871fd793eb9beb0a
- name: github.com/hashicorp/serf
  version: e9ac4bb0c5721826d5cd3d1cd582c12fbc664bb8
- name: github.com/hashicorp/yamux
  version: df949784da9ed028ee76df44652e42d37a09d7e4
- name: github.com/inconshreveable/muxado
  version: f693c7e88ba316d1a0ae3e205e22a01aa3ec2848
- name: github.com/julienschmidt/httprouter
  version: f30ab90cccbd5171771d26b6557d3c2f49e047a6
  repo: https://github.com/julienschmidt/httprouter
- name: github.com/matttproud/golang_protobuf_extensions
  version: d0c3fe89de86839aecf2e0579c40ba3bb336a453
  repo: https://github.com/matttproud/golang_protobuf_extensions
- name: github.com/miekg/dns
  version: 75e6e86cc601825c5dbcd4e0c209eab180997cd7
- name: github.com/mitchellh/cli
  version: 8102d0ed5ea2709ade1243798785888175f6e415
- name: github.com/mitchellh/mapstructure
  version: 281073eb9eb092240d33ef253c404f1cca550309
- name: github.com/prometheus/client_golang
  version: 67994f177195311c3ea3d4407ed0175e34a4256f
  repo: https://github.com/prometheus/client_golang
- name: github.com/prometheus/client_model
  version: fa8ad6fec33561be4280a8f0514318c79d7f6cb6
  repo: https://github.com/prometheus/client_model
- name: github.com/prometheus/common
  version: 56b90312e937d43b930f06a59bf0d6a4ae1944bc
  repo: https://github.com/prometheus/common
- name: github.com/prometheus/procfs
  version: 406e5b7bfd8201a36e2bb5f7bdae0b03380c2ce8
  repo: https://github.com/prometheus/procfs
- name: github.com/ryanuber/columnize
  version: 983d3a5fab1bf04d1b412465d2d9f8430e2e917e
- name: github.com/Sirupsen/logrus
  version: 446d1c146faa8ed3f4218f056fcd165f6bcfda81
- name: github.com/socketplane/libovsdb
  version: 555a561202ec17fe6c068038a35291ce9ba33066
- name: github.com/vishvananda/netlink
  version: 4b5dce31de6d42af5bb9811c6d265472199e0fec
- name: github.com/vishvananda/netns
  version: b73cffff5ad9734202000d0bd49eba24391d918d
- name: golang.org/x/crypto
  version: 7b85b097bf7527677d54d3220065e966a0e3b613
- name: golang.org/x/net
  version: 21af302bb52737bcf1e6ce0128ec5932bf0d8ae9
- name: golang.org/x/text
  version: 87ad79f47ac96edbf2568691d123d113fd7ac535
  repo: https://golang.org/x/text
- name: gopkg.in/airbrake/gobrake.v2
  version: e5efbe565a5a63d8aafee7efa2f4fdd7f42b7bd3
  repo: https://gopkg.in/airbrake/gobrake.v2
- name: gopkg.in/gemnasium/logrus-airbrake-hook.v2
  version: 31e6fd4bd5a98d8ee7673d24bc54ec73c31810dd
  repo: https://gopkg.in/gemnasium/logrus-airbrake-hook.v2
- name: io
  version: ""
  subpackages:
  - ioutil
- name: math
  version: ""
- name: net
  version: ""
  subpackages:
  - http
  - url
- name: os
  version: ""
  subpackages:
  - exec
  - signal
- name: path/filepath
  version: ""
- name: reflect
  version: ""
- name: runtime
  version: ""
- name: strconv
  version: ""
- name: strings
  version: ""
- name: sync
  version: ""
- name: syscall
  version: ""
- name: time
  version: ""
devImports: []
